// !$*UTF8*$!
{
	archiveVersion = 1;
	classes = {
	};
	objectVersion = 50;
	objects = {

/* Begin PBXBuildFile section */
		FAA9453B24FA880900D364DD /* AppDelegate.swift in Sources */ = {isa = PBXBuildFile; fileRef = FAA9453A24FA880900D364DD /* AppDelegate.swift */; };
		FAA9453D24FA880900D364DD /* SceneDelegate.swift in Sources */ = {isa = PBXBuildFile; fileRef = FAA9453C24FA880900D364DD /* SceneDelegate.swift */; };
		FAA9453F24FA880900D364DD /* ViewController.swift in Sources */ = {isa = PBXBuildFile; fileRef = FAA9453E24FA880900D364DD /* ViewController.swift */; };
		FAA9454224FA880900D364DD /* Main.storyboard in Resources */ = {isa = PBXBuildFile; fileRef = FAA9454024FA880900D364DD /* Main.storyboard */; };
		FAA9454524FA880900D364DD /* GestionEtudiant.xcdatamodeld in Sources */ = {isa = PBXBuildFile; fileRef = FAA9454324FA880900D364DD /* GestionEtudiant.xcdatamodeld */; };
		FAA9454724FA880D00D364DD /* Assets.xcassets in Resources */ = {isa = PBXBuildFile; fileRef = FAA9454624FA880D00D364DD /* Assets.xcassets */; };
		FAA9454A24FA880D00D364DD /* LaunchScreen.storyboard in Resources */ = {isa = PBXBuildFile; fileRef = FAA9454824FA880D00D364DD /* LaunchScreen.storyboard */; };
/* End PBXBuildFile section */

/* Begin PBXFileReference section */
		FAA9453724FA880900D364DD /* GestionEtudiant.app */ = {isa = PBXFileReference; explicitFileType = wrapper.application; includeInIndex = 0; path = GestionEtudiant.app; sourceTree = BUILT_PRODUCTS_DIR; };
		FAA9453A24FA880900D364DD /* AppDelegate.swift */ = {isa = PBXFileReference; lastKnownFileType = sourcecode.swift; path = AppDelegate.swift; sourceTree = "<group>"; };
		FAA9453C24FA880900D364DD /* SceneDelegate.swift */ = {isa = PBXFileReference; lastKnownFileType = sourcecode.swift; path = SceneDelegate.swift; sourceTree = "<group>"; };
		FAA9453E24FA880900D364DD /* ViewController.swift */ = {isa = PBXFileReference; lastKnownFileType = sourcecode.swift; path = ViewController.swift; sourceTree = "<group>"; };
		FAA9454124FA880900D364DD /* Base */ = {isa = PBXFileReference; lastKnownFileType = file.storyboard; name = Base; path = Base.lproj/Main.storyboard; sourceTree = "<group>"; };
		FAA9454424FA880900D364DD /* GestionEtudiant.xcdatamodel */ = {isa = PBXFileReference; lastKnownFileType = wrapper.xcdatamodel; path = GestionEtudiant.xcdatamodel; sourceTree = "<group>"; };
		FAA9454624FA880D00D364DD /* Assets.xcassets */ = {isa = PBXFileReference; lastKnownFileType = folder.assetcatalog; path = Assets.xcassets; sourceTree = "<group>"; };
		FAA9454924FA880D00D364DD /* Base */ = {isa = PBXFileReference; lastKnownFileType = file.storyboard; name = Base; path = Base.lproj/LaunchScreen.storyboard; sourceTree = "<group>"; };
		FAA9454B24FA880D00D364DD /* Info.plist */ = {isa = PBXFileReference; lastKnownFileType = text.plist.xml; path = Info.plist; sourceTree = "<group>"; };
/* End PBXFileReference section */

/* Begin PBXFrameworksBuildPhase section */
		FAA9453424FA880900D364DD /* Frameworks */ = {
			isa = PBXFrameworksBuildPhase;
			buildActionMask = 2147483647;
			files = (
			);
			runOnlyForDeploymentPostprocessing = 0;
		};
/* End PBXFrameworksBuildPhase section */

/* Begin PBXGroup section */
		FAA9452E24FA880900D364DD = {
			isa = PBXGroup;
			children = (
				FAA9453924FA880900D364DD /* GestionEtudiant */,
				FAA9453824FA880900D364DD /* Products */,
			);
			sourceTree = "<group>";
		};
		FAA9453824FA880900D364DD /* Products */ = {
			isa = PBXGroup;
			children = (
				FAA9453724FA880900D364DD /* GestionEtudiant.app */,
			);
			name = Products;
			sourceTree = "<group>";
		};
		FAA9453924FA880900D364DD /* GestionEtudiant */ = {
			isa = PBXGroup;
			children = (
				FAA9453A24FA880900D364DD /* AppDelegate.swift */,
				FAA9453C24FA880900D364DD /* SceneDelegate.swift */,
				FAA9453E24FA880900D364DD /* ViewController.swift */,
				FAA9454024FA880900D364DD /* Main.storyboard */,
				FAA9454624FA880D00D364DD /* Assets.xcassets */,
				FAA9454824FA880D00D364DD /* LaunchScreen.storyboard */,
				FAA9454B24FA880D00D364DD /* Info.plist */,
				FAA9454324FA880900D364DD /* GestionEtudiant.xcdatamodeld */,
			);
			path = GestionEtudiant;
			sourceTree = "<group>";
		};
/* End PBXGroup section */

/* Begin PBXNativeTarget section */
		FAA9453624FA880900D364DD /* GestionEtudiant */ = {
			isa = PBXNativeTarget;
			buildConfigurationList = FAA9454E24FA880D00D364DD /* Build configuration list for PBXNativeTarget "GestionEtudiant" */;
			buildPhases = (
				FAA9453324FA880900D364DD /* Sources */,
				FAA9453424FA880900D364DD /* Frameworks */,
				FAA9453524FA880900D364DD /* Resources */,
			);
			buildRules = (
			);
			dependencies = (
			);
			name = GestionEtudiant;
			productName = GestionEtudiant;
			productReference = FAA9453724FA880900D364DD /* GestionEtudiant.app */;
			productType = "com.apple.product-type.application";
		};
/* End PBXNativeTarget section */

/* Begin PBXProject section */
		FAA9452F24FA880900D364DD /* Project object */ = {
			isa = PBXProject;
			attributes = {
				LastSwiftUpdateCheck = 1160;
				LastUpgradeCheck = 1160;
				ORGANIZATIONNAME = MacOthmane;
				TargetAttributes = {
					FAA9453624FA880900D364DD = {
						CreatedOnToolsVersion = 11.6;
					};
				};
			};
			buildConfigurationList = FAA9453224FA880900D364DD /* Build configuration list for PBXProject "GestionEtudiant" */;
			compatibilityVersion = "Xcode 9.3";
			developmentRegion = en;
			hasScannedForEncodings = 0;
			knownRegions = (
				en,
				Base,
			);
			mainGroup = FAA9452E24FA880900D364DD;
			productRefGroup = FAA9453824FA880900D364DD /* Products */;
			projectDirPath = "";
			projectRoot = "";
			targets = (
				FAA9453624FA880900D364DD /* GestionEtudiant */,
			);
		};
/* End PBXProject section */

/* Begin PBXResourcesBuildPhase section */
		FAA9453524FA880900D364DD /* Resources */ = {
			isa = PBXResourcesBuildPhase;
			buildActionMask = 2147483647;
			files = (
				FAA9454A24FA880D00D364DD /* LaunchScreen.storyboard in Resources */,
				FAA9454724FA880D00D364DD /* Assets.xcassets in Resources */,
				FAA9454224FA880900D364DD /* Main.storyboard in Resources */,
			);
			runOnlyForDeploymentPostprocessing = 0;
		};
/* End PBXResourcesBuildPhase section */

/* Begin PBXSourcesBuildPhase section */
		FAA9453324FA880900D364DD /* Sources */ = {
			isa = PBXSourcesBuildPhase;
			buildActionMask = 2147483647;
			files = (
				FAA9453F24FA880900D364DD /* ViewController.swift in Sources */,
				FAA9453B24FA880900D364DD /* AppDelegate.swift in Sources */,
				FAA9453D24FA880900D364DD /* SceneDelegate.swift in Sources */,
				FAA9454524FA880900D364DD /* GestionEtudiant.xcdatamodeld in Sources */,
			);
			runOnlyForDeploymentPostprocessing = 0;
		};
/* End PBXSourcesBuildPhase section */

/* Begin PBXVariantGroup section */
		FAA9454024FA880900D364DD /* Main.storyboard */ = {
			isa = PBXVariantGroup;
			children = (
				FAA9454124FA880900D364DD /* Base */,
			);
			name = Main.storyboard;
			sourceTree = "<group>";
		};
		FAA9454824FA880D00D364DD /* LaunchScreen.storyboard */ = {
			isa = PBXVariantGroup;
			children = (
				FAA9454924FA880D00D364DD /* Base */,
			);
			name = LaunchScreen.storyboard;
			sourceTree = "<group>";
		};
/* End PBXVariantGroup section */

/* Begin XCBuildConfiguration section */
		FAA9454C24FA880D00D364DD /* Debug */ = {
			isa = XCBuildConfiguration;
			buildSettings = {
				ALWAYS_SEARCH_USER_PATHS = NO;
				CLANG_ANALYZER_NONNULL = YES;
				CLANG_ANALYZER_NUMBER_OBJECT_CONVERSION = YES_AGGRESSIVE;
				CLANG_CXX_LANGUAGE_STANDARD = "gnu++14";
				CLANG_CXX_LIBRARY = "libc++";
				CLANG_ENABLE_MODULES = YES;
				CLANG_ENABLE_OBJC_ARC = YES;
				CLANG_ENABLE_OBJC_WEAK = YES;
				CLANG_WARN_BLOCK_CAPTURE_AUTORELEASING = YES;
				CLANG_WARN_BOOL_CONVERSION = YES;
				CLANG_WARN_COMMA = YES;
				CLANG_WARN_CONSTANT_CONVERSION = YES;
				CLANG_WARN_DEPRECATED_OBJC_IMPLEMENTATIONS = YES;
				CLANG_WARN_DIRECT_OBJC_ISA_USAGE = YES_ERROR;
				CLANG_WARN_DOCUMENTATION_COMMENTS = YES;
				CLANG_WARN_EMPTY_BODY = YES;
				CLANG_WARN_ENUM_CONVERSION = YES;
				CLANG_WARN_INFINITE_RECURSION = YES;
				CLANG_WARN_INT_CONVERSION = YES;
				CLANG_WARN_NON_LITERAL_NULL_CONVERSION = YES;
				CLANG_WARN_OBJC_IMPLICIT_RETAIN_SELF = YES;
				CLANG_WARN_OBJC_LITERAL_CONVERSION = YES;
				CLANG_WARN_OBJC_ROOT_CLASS = YES_ERROR;
				CLANG_WARN_RANGE_LOOP_ANALYSIS = YES;
				CLANG_WARN_STRICT_PROTOTYPES = YES;
				CLANG_WARN_SUSPICIOUS_MOVE = YES;
				CLANG_WARN_UNGUARDED_AVAILABILITY = YES_AGGRESSIVE;
				CLANG_WARN_UNREACHABLE_CODE = YES;
				CLANG_WARN__DUPLICATE_METHOD_MATCH = YES;
				COPY_PHASE_STRIP = NO;
				DEBUG_INFORMATION_FORMAT = dwarf;
				ENABLE_STRICT_OBJC_MSGSEND = YES;
				ENABLE_TESTABILITY = YES;
				GCC_C_LANGUAGE_STANDARD = gnu11;
				GCC_DYNAMIC_NO_PIC = NO;
				GCC_NO_COMMON_BLOCKS = YES;
				GCC_OPTIMIZATION_LEVEL = 0;
				GCC_PREPROCESSOR_DEFINITIONS = (
					"DEBUG=1",
					"$(inherited)",
				);
				GCC_WARN_64_TO_32_BIT_CONVERSION = YES;
				GCC_WARN_ABOUT_RETURN_TYPE = YES_ERROR;
				GCC_WARN_UNDECLARED_SELECTOR = YES;
				GCC_WARN_UNINITIALIZED_AUTOS = YES_AGGRESSIVE;
				GCC_WARN_UNUSED_FUNCTION = YES;
				GCC_WARN_UNUSED_VARIABLE = YES;
				IPHONEOS_DEPLOYMENT_TARGET = 13.6;
				MTL_ENABLE_DEBUG_INFO = INCLUDE_SOURCE;
				MTL_FAST_MATH = YES;
				ONLY_ACTIVE_ARCH = YES;
				SDKROOT = iphoneos;
				SWIFT_ACTIVE_COMPILATION_CONDITIONS = DEBUG;
				SWIFT_OPTIMIZATION_LEVEL = "-Onone";
			};
			name = Debug;
		};
		FAA9454D24FA880D00D364DD /* Release */ = {
			isa = XCBuildConfiguration;
			buildSettings = {
				ALWAYS_SEARCH_USER_PATHS = NO;
				CLANG_ANALYZER_NONNULL = YES;
				CLANG_ANALYZER_NUMBER_OBJECT_CONVERSION = YES_AGGRESSIVE;
				CLANG_CXX_LANGUAGE_STANDARD = "gnu++14";
				CLANG_CXX_LIBRARY = "libc++";
				CLANG_ENABLE_MODULES = YES;
				CLANG_ENABLE_OBJC_ARC = YES;
				CLANG_ENABLE_OBJC_WEAK = YES;
				CLANG_WARN_BLOCK_CAPTURE_AUTORELEASING = YES;
				CLANG_WARN_BOOL_CONVERSION = YES;
				CLANG_WARN_COMMA = YES;
				CLANG_WARN_CONSTANT_CONVERSION = YES;
				CLANG_WARN_DEPRECATED_OBJC_IMPLEMENTATIONS = YES;
				CLANG_WARN_DIRECT_OBJC_ISA_USAGE = YES_ERROR;
				CLANG_WARN_DOCUMENTATION_COMMENTS = YES;
				CLANG_WARN_EMPTY_BODY = YES;
				CLANG_WARN_ENUM_CONVERSION = YES;
				CLANG_WARN_INFINITE_RECURSION = YES;
				CLANG_WARN_INT_CONVERSION = YES;
				CLANG_WARN_NON_LITERAL_NULL_CONVERSION = YES;
				CLANG_WARN_OBJC_IMPLICIT_RETAIN_SELF = YES;
				CLANG_WARN_OBJC_LITERAL_CONVERSION = YES;
				CLANG_WARN_OBJC_ROOT_CLASS = YES_ERROR;
				CLANG_WARN_RANGE_LOOP_ANALYSIS = YES;
				CLANG_WARN_STRICT_PROTOTYPES = YES;
				CLANG_WARN_SUSPICIOUS_MOVE = YES;
				CLANG_WARN_UNGUARDED_AVAILABILITY = YES_AGGRESSIVE;
				CLANG_WARN_UNREACHABLE_CODE = YES;
				CLANG_WARN__DUPLICATE_METHOD_MATCH = YES;
				COPY_PHASE_STRIP = NO;
				DEBUG_INFORMATION_FORMAT = "dwarf-with-dsym";
				ENABLE_NS_ASSERTIONS = NO;
				ENABLE_STRICT_OBJC_MSGSEND = YES;
				GCC_C_LANGUAGE_STANDARD = gnu11;
				GCC_NO_COMMON_BLOCKS = YES;
				GCC_WARN_64_TO_32_BIT_CONVERSION = YES;
				GCC_WARN_ABOUT_RETURN_TYPE = YES_ERROR;
				GCC_WARN_UNDECLARED_SELECTOR = YES;
				GCC_WARN_UNINITIALIZED_AUTOS = YES_AGGRESSIVE;
				GCC_WARN_UNUSED_FUNCTION = YES;
				GCC_WARN_UNUSED_VARIABLE = YES;
				IPHONEOS_DEPLOYMENT_TARGET = 13.6;
				MTL_ENABLE_DEBUG_INFO = NO;
				MTL_FAST_MATH = YES;
				SDKROOT = iphoneos;
				SWIFT_COMPILATION_MODE = wholemodule;
				SWIFT_OPTIMIZATION_LEVEL = "-O";
				VALIDATE_PRODUCT = YES;
			};
			name = Release;
		};
		FAA9454F24FA880D00D364DD /* Debug */ = {
			isa = XCBuildConfiguration;
			buildSettings = {
				ASSETCATALOG_COMPILER_APPICON_NAME = AppIcon;
				CODE_SIGN_STYLE = Automatic;
				INFOPLIST_FILE = GestionEtudiant/Info.plist;
				LD_RUNPATH_SEARCH_PATHS = (
					"$(inherited)",
					"@executable_path/Frameworks",
				);
				PRODUCT_BUNDLE_IDENTIFIER = ot.MacOthmane.GestionEtudiant;
				PRODUCT_NAME = "$(TARGET_NAME)";
				SWIFT_VERSION = 5.0;
				TARGETED_DEVICE_FAMILY = "1,2";
			};
			name = Debug;
		};
		FAA9455024FA880D00D364DD /* Release */ = {
			isa = XCBuildConfiguration;
			buildSettings = {
				ASSETCATALOG_COMPILER_APPICON_NAME = AppIcon;
				CODE_SIGN_STYLE = Automatic;
				INFOPLIST_FILE = GestionEtudiant/Info.plist;
				LD_RUNPATH_SEARCH_PATHS = (
					"$(inherited)",
					"@executable_path/Frameworks",
				);
				PRODUCT_BUNDLE_IDENTIFIER = ot.MacOthmane.GestionEtudiant;
				PRODUCT_NAME = "$(TARGET_NAME)";
				SWIFT_VERSION = 5.0;
				TARGETED_DEVICE_FAMILY = "1,2";
			};
			name = Release;
		};
/* End XCBuildConfiguration section */

/* Begin XCConfigurationList section */
		FAA9453224FA880900D364DD /* Build configuration list for PBXProject "GestionEtudiant" */ = {
			isa = XCConfigurationList;
			buildConfigurations = (
				FAA9454C24FA880D00D364DD /* Debug */,
				FAA9454D24FA880D00D364DD /* Release */,
			);
			defaultConfigurationIsVisible = 0;
			defaultConfigurationName = Release;
		};
		FAA9454E24FA880D00D364DD /* Build configuration list for PBXNativeTarget "GestionEtudiant" */ = {
			isa = XCConfigurationList;
			buildConfigurations = (
				FAA9454F24FA880D00D364DD /* Debug */,
				FAA9455024FA880D00D364DD /* Release */,
			);
			defaultConfigurationIsVisible = 0;
			defaultConfigurationName = Release;
		};
/* End XCConfigurationList section */

/* Begin XCVersionGroup section */
		FAA9454324FA880900D364DD /* GestionEtudiant.xcdatamodeld */ = {
			isa = XCVersionGroup;
			children = (
				FAA9454424FA880900D364DD /* GestionEtudiant.xcdatamodel */,
			);
			currentVersion = FAA9454424FA880900D364DD /* GestionEtudiant.xcdatamodel */;
			path = GestionEtudiant.xcdatamodeld;
			sourceTree = "<group>";
			versionGroupType = wrapper.xcdatamodel;
		};
/* End XCVersionGroup section */
	};
	rootObject = FAA9452F24FA880900D364DD /* Project object */;
}
